
Microsoft Visual Studio Solution File, Format Version 12.00
# Visual Studio Version 16
VisualStudioVersion = 16.0.31205.134
MinimumVisualStudioVersion = 10.0.40219.1
Project("{9A19103F-16F7-4668-BE54-9A1E7A4F7556}") = "OTPGenerator", "OTPGenerator\OTPGenerator.csproj", "{F45BEF50-0982-4991-9A51-33F848F8BB7C}"
EndProject
Global
	GlobalSection(SolutionConfigurationPlatforms) = preSolution
		Debug|Any CPU = Debug|Any CPU
		Release|Any CPU = Release|Any CPU
	EndGlobalSection
	GlobalSection(ProjectConfigurationPlatforms) = postSolution
		{F45BEF50-0982-4991-9A51-33F848F8BB7C}.Debug|Any CPU.ActiveCfg = Debug|Any CPU
		{F45BEF50-0982-4991-9A51-33F848F8BB7C}.Debug|Any CPU.Build.0 = Debug|Any CPU
		{F45BEF50-0982-4991-9A51-33F848F8BB7C}.Release|Any CPU.ActiveCfg = Release|Any CPU
		{F45BEF50-0982-4991-9A51-33F848F8BB7C}.Release|Any CPU.Build.0 = Release|Any CPU
	EndGlobalSection
	GlobalSection(SolutionProperties) = preSolution
		HideSolutionNode = FALSE
	EndGlobalSection
	GlobalSection(ExtensibilityGlobals) = postSolution
		SolutionGuid = {F2FAE06C-5FC1-4BA3-9C29-A81604ABECC0}
	EndGlobalSection
EndGlobal
